DEPENDENCIES
  pjc_base
    path: .
    metadata: true

GRAPH
  build-essential (8.0.0)
    mingw (>= 1.1)
    seven_zip (>= 0.0.0)
  chef-client (7.2.1)
    cron (>= 1.7.0)
    logrotate (>= 1.9.0)
    windows (>= 1.42.0)
  compat_resource (12.16.3)
  cron (4.1.0)
    compat_resource (>= 0.0.0)
  iptables (4.0.1)
  logrotate (2.1.0)
    compat_resource (>= 0.0.0)
  mingw (2.0.0)
    seven_zip (>= 0.0.0)
  ntp (3.3.1)
  ohai (5.0.2)
  openssh (2.2.0)
    iptables (>= 1.0)
  pjc_base (0.2.14)
    build-essential (>= 0.0.0)
    chef-client (>= 0.0.0)
    ntp (>= 0.0.0)
    openssh (>= 0.0.0)
    rsyslog (>= 0.0.0)
    selinux (~> 0.9.0)
    ssh-keys (>= 0.0.0)
    sudo (>= 0.0.0)
    timezone_lwrp (>= 0.0.0)
    users (>= 0.0.0)
    yum-epel (>= 0.0.0)
  rsyslog (6.0.1)
  selinux (0.9.0)
  seven_zip (2.0.2)
    windows (>= 1.2.2)
  ssh-keys (1.2.7)
  sudo (3.3.1)
  timezone_lwrp (0.1.10)
  users (4.0.3)
  windows (3.0.4)
    ohai (>= 4.0.0)
  yum-epel (2.1.1)
    compat_resource (>= 12.16.3)
